
Microsoft Visual Studio Solution File, Format Version 12.00
# Visual Studio Version 17
VisualStudioVersion = 17.13.35825.156 d17.13
MinimumVisualStudioVersion = 10.0.40219.1
Project("{FAE04EC0-301F-11D3-BF4B-00C04F79EFBC}") = "WebApplication1", "WebApplication1\WebApplication1.csproj", "{AC3F7264-5F72-4022-8F50-1B896611C55B}"
EndProject
Global
	GlobalSection(SolutionConfigurationPlatforms) = preSolution
		Debug|Any CPU = Debug|Any CPU
		Release|Any CPU = Release|Any CPU
	EndGlobalSection
	GlobalSection(ProjectConfigurationPlatforms) = postSolution
		{AC3F7264-5F72-4022-8F50-1B896611C55B}.Debug|Any CPU.ActiveCfg = Debug|Any CPU
		{AC3F7264-5F72-4022-8F50-1B896611C55B}.Debug|Any CPU.Build.0 = Debug|Any CPU
		{AC3F7264-5F72-4022-8F50-1B896611C55B}.Release|Any CPU.ActiveCfg = Release|Any CPU
		{AC3F7264-5F72-4022-8F50-1B896611C55B}.Release|Any CPU.Build.0 = Release|Any CPU
	EndGlobalSection
	GlobalSection(SolutionProperties) = preSolution
		HideSolutionNode = FALSE
	EndGlobalSection
	GlobalSection(ExtensibilityGlobals) = postSolution
		SolutionGuid = {EB8A5191-7651-4E22-8012-88F67056CE92}
	EndGlobalSection
EndGlobal
